<?xml version="1.0" encoding="utf-8"?>
<Project ToolsVersion="4.0" xmlns="http://schemas.microsoft.com/developer/msbuild/2003">
  <ItemGroup>
    <Filter Include="Engine">
      <UniqueIdentifier>{d2196239-600d-4230-b221-96fd33c9d5df}</UniqueIdentifier>
    </Filter>
    <Filter Include="Default">
      <UniqueIdentifier>{18b61eab-43e3-4447-bdd9-775835e2f1d4}</UniqueIdentifier>
    </Filter>
    <Filter Include="Default\리소스 파일">
      <UniqueIdentifier>{67DA6AB6-F800-4c08-8B7A-83BB121AAD01}</UniqueIdentifier>
      <Extensions>rc;ico;cur;bmp;dlg;rc2;rct;bin;rgs;gif;jpg;jpeg;jpe;resx;tiff;tif;png;wav;mfcribbon-ms</Extensions>
    </Filter>
    <Filter Include="Engine\02. Manager">
      <UniqueIdentifier>{a8f44aa2-26c6-4004-99a3-f586f90cb0c8}</UniqueIdentifier>
    </Filter>
    <Filter Include="Engine\02. Manager\Header">
      <UniqueIdentifier>{279b0bf6-7e91-4a87-9508-768b94b98b0d}</UniqueIdentifier>
    </Filter>
    <Filter Include="Engine\02. Manager\Source">
      <UniqueIdentifier>{fb81103b-f10b-4334-98c8-293ff520240a}</UniqueIdentifier>
    </Filter>
    <Filter Include="Engine\03. Object">
      <UniqueIdentifier>{631c7843-3e64-4de1-b63f-7cabbd7bf418}</UniqueIdentifier>
    </Filter>
    <Filter Include="Engine\03. Object\Header">
      <UniqueIdentifier>{8d9e75ae-6ec1-443b-b0be-95e3d87a9031}</UniqueIdentifier>
    </Filter>
    <Filter Include="Engine\03. Object\Source">
      <UniqueIdentifier>{40724a4c-e4bd-4c04-ba4f-029f29e222fa}</UniqueIdentifier>
    </Filter>
    <Filter Include="Engine\04. Scene">
      <UniqueIdentifier>{4043ae2b-75e3-4c3b-8d38-2b6308829324}</UniqueIdentifier>
    </Filter>
    <Filter Include="Engine\04. Scene\Header">
      <UniqueIdentifier>{1adc0926-edf9-48c3-9fed-1fb7e1585fef}</UniqueIdentifier>
    </Filter>
    <Filter Include="Engine\04. Scene\Source">
      <UniqueIdentifier>{1b7df32e-994c-469e-bcad-41babe57f90c}</UniqueIdentifier>
    </Filter>
    <Filter Include="Default\헤더 파일">
      <UniqueIdentifier>{6d1d88c0-629e-46cc-8261-7fe4a2d490e2}</UniqueIdentifier>
    </Filter>
    <Filter Include="Engine\01. Define &amp; Core">
      <UniqueIdentifier>{46f7ebe7-faf5-4b44-9ec5-ceda22df5fb8}</UniqueIdentifier>
    </Filter>
    <Filter Include="Engine\05. Resources">
      <UniqueIdentifier>{0156484e-01c7-4d6b-ab2b-882f419bb947}</UniqueIdentifier>
    </Filter>
    <Filter Include="Engine\05. Resources\Header">
      <UniqueIdentifier>{fe148f0c-20c8-4da6-94d1-2754e4646a92}</UniqueIdentifier>
    </Filter>
    <Filter Include="Engine\05. Resources\Source">
      <UniqueIdentifier>{62c65ecb-6a35-40f7-aa05-7624953440ea}</UniqueIdentifier>
    </Filter>
    <Filter Include="Engine\03. Object\Component">
      <UniqueIdentifier>{782c3ea4-f28e-4613-b4eb-e79054aa4726}</UniqueIdentifier>
    </Filter>
    <Filter Include="Engine\03. Object\Component\Collider">
      <UniqueIdentifier>{512e56b0-88d4-4922-b1fa-794d06abdb58}</UniqueIdentifier>
    </Filter>
    <Filter Include="Engine\06. Module">
      <UniqueIdentifier>{57deaf70-5f53-48bf-9ed7-dc5096f52a57}</UniqueIdentifier>
    </Filter>
    <Filter Include="Engine\02. Manager\CollisionManager">
      <UniqueIdentifier>{466d6316-1c14-4330-8c4a-b0850f1a67f5}</UniqueIdentifier>
    </Filter>
    <Filter Include="Engine\02. Manager\Header\KeyManager">
      <UniqueIdentifier>{6f170890-0099-4ce6-aef8-5aead17a3d17}</UniqueIdentifier>
    </Filter>
    <Filter Include="Engine\02. Manager\Header\PathManager">
      <UniqueIdentifier>{cf4f5545-3efa-4e4f-8b19-592519856a97}</UniqueIdentifier>
    </Filter>
    <Filter Include="Engine\02. Manager\Header\ResourceManager">
      <UniqueIdentifier>{d63f001a-745a-48f7-b84f-bf3ad6b3d67d}</UniqueIdentifier>
    </Filter>
    <Filter Include="Engine\02. Manager\Header\SceneManager">
      <UniqueIdentifier>{06f4a38d-f88f-48b0-bfc1-fe96ed318aeb}</UniqueIdentifier>
    </Filter>
    <Filter Include="Engine\02. Manager\Header\TimeManager">
      <UniqueIdentifier>{47b0c49d-3385-485e-a311-e67606d06d91}</UniqueIdentifier>
    </Filter>
  </ItemGroup>
  <ItemGroup>
    <ClInclude Include="CustomDefine.h">
      <Filter>Engine\01. Define &amp; Core</Filter>
    </ClInclude>
    <ClInclude Include="Object.h">
      <Filter>Engine\03. Object\Header</Filter>
    </ClInclude>
    <ClInclude Include="Scene.h">
      <Filter>Engine\04. Scene\Header</Filter>
    </ClInclude>
    <ClInclude Include="Scene_Start.h">
      <Filter>Engine\04. Scene\Header</Filter>
    </ClInclude>
    <ClInclude Include="2D_PortFolio.h">
      <Filter>Default\헤더 파일</Filter>
    </ClInclude>
    <ClInclude Include="framework.h">
      <Filter>Default\헤더 파일</Filter>
    </ClInclude>
    <ClInclude Include="Resource.h">
      <Filter>Default\헤더 파일</Filter>
    </ClInclude>
    <ClInclude Include="targetver.h">
      <Filter>Default\헤더 파일</Filter>
    </ClInclude>
    <ClInclude Include="Core.h">
      <Filter>Engine\01. Define &amp; Core</Filter>
    </ClInclude>
    <ClInclude Include="Player.h">
      <Filter>Engine\03. Object\Header</Filter>
    </ClInclude>
    <ClInclude Include="Monster.h">
      <Filter>Engine\03. Object\Header</Filter>
    </ClInclude>
    <ClInclude Include="Bomb.h">
      <Filter>Engine\03. Object\Header</Filter>
    </ClInclude>
    <ClInclude Include="Resources.h">
      <Filter>Engine\05. Resources\Header</Filter>
    </ClInclude>
    <ClInclude Include="Sound.h">
      <Filter>Engine\05. Resources\Header</Filter>
    </ClInclude>
    <ClInclude Include="Texture.h">
      <Filter>Engine\05. Resources\Header</Filter>
    </ClInclude>
    <ClInclude Include="Collider.h">
      <Filter>Engine\03. Object\Component\Collider</Filter>
    </ClInclude>
    <ClInclude Include="SelectGDI.h">
      <Filter>Engine\06. Module</Filter>
    </ClInclude>
    <ClInclude Include="KeyManager.h">
      <Filter>Engine\02. Manager\Header\KeyManager</Filter>
    </ClInclude>
    <ClInclude Include="TimeManager.h">
      <Filter>Engine\02. Manager\Header\TimeManager</Filter>
    </ClInclude>
    <ClInclude Include="SceneManager.h">
      <Filter>Engine\02. Manager\Header\SceneManager</Filter>
    </ClInclude>
    <ClInclude Include="ResourceManager.h">
      <Filter>Engine\02. Manager\Header\ResourceManager</Filter>
    </ClInclude>
    <ClInclude Include="PathManager.h">
      <Filter>Engine\02. Manager\Header\PathManager</Filter>
    </ClInclude>
    <ClInclude Include="CollisionManager.h">
      <Filter>Engine\02. Manager\CollisionManager</Filter>
    </ClInclude>
  </ItemGroup>
  <ItemGroup>
    <ResourceCompile Include="2D_PortFolio.rc">
      <Filter>Default\리소스 파일</Filter>
    </ResourceCompile>
  </ItemGroup>
  <ItemGroup>
    <Image Include="small.ico">
      <Filter>Default\리소스 파일</Filter>
    </Image>
    <Image Include="2D_PortFolio.ico">
      <Filter>Default\리소스 파일</Filter>
    </Image>
  </ItemGroup>
  <ItemGroup>
    <ClCompile Include="2D_PortFolio.cpp">
      <Filter>Default</Filter>
    </ClCompile>
    <ClCompile Include="Object.cpp">
      <Filter>Engine\03. Object\Source</Filter>
    </ClCompile>
    <ClCompile Include="Scene.cpp">
      <Filter>Engine\04. Scene\Source</Filter>
    </ClCompile>
    <ClCompile Include="Scene_Start.cpp">
      <Filter>Engine\04. Scene\Source</Filter>
    </ClCompile>
    <ClCompile Include="Core.cpp">
      <Filter>Engine\01. Define &amp; Core</Filter>
    </ClCompile>
    <ClCompile Include="Player.cpp">
      <Filter>Engine\03. Object\Source</Filter>
    </ClCompile>
    <ClCompile Include="Monster.cpp">
      <Filter>Engine\03. Object\Source</Filter>
    </ClCompile>
    <ClCompile Include="Bomb.cpp">
      <Filter>Engine\03. Object\Source</Filter>
    </ClCompile>
    <ClCompile Include="Resources.cpp">
      <Filter>Engine\05. Resources\Source</Filter>
    </ClCompile>
    <ClCompile Include="Sound.cpp">
      <Filter>Engine\05. Resources\Source</Filter>
    </ClCompile>
    <ClCompile Include="Texture.cpp">
      <Filter>Engine\05. Resources\Source</Filter>
    </ClCompile>
    <ClCompile Include="Collider.cpp">
      <Filter>Engine\03. Object\Component\Collider</Filter>
    </ClCompile>
    <ClCompile Include="SelectGDI.cpp">
      <Filter>Engine\06. Module</Filter>
    </ClCompile>
    <ClCompile Include="KeyManager.cpp">
      <Filter>Engine\02. Manager\Header\KeyManager</Filter>
    </ClCompile>
    <ClCompile Include="TimeManager.cpp">
      <Filter>Engine\02. Manager\Header\TimeManager</Filter>
    </ClCompile>
    <ClCompile Include="SceneManager.cpp">
      <Filter>Engine\02. Manager\Header\SceneManager</Filter>
    </ClCompile>
    <ClCompile Include="ResourceManager.cpp">
      <Filter>Engine\02. Manager\Header\ResourceManager</Filter>
    </ClCompile>
    <ClCompile Include="PathManager.cpp">
      <Filter>Engine\02. Manager\Header\PathManager</Filter>
    </ClCompile>
    <ClCompile Include="CollisionManager.cpp">
      <Filter>Engine\02. Manager\CollisionManager</Filter>
    </ClCompile>
  </ItemGroup>
</Project>